{
  "name": "luminary",
  "version": "0.0.1",
  "lockfileVersion": 1,
  "requires": true,
  "dependencies": {
    "async-limiter": {
      "version": "1.0.0",
      "resolved": "https://registry.npmjs.org/async-limiter/-/async-limiter-1.0.0.tgz",
      "integrity": "sha512-jp/uFnooOiO+L211eZOoSyzpOITMXx1rBITauYykG3BRYPu8h0UcxsPNB04RR5vo4Tyz3+ay17tR6JVf9qzYWg=="
    },
    "gun": {
      "version": "0.2019.515",
      "resolved": "https://registry.npmjs.org/gun/-/gun-0.2019.515.tgz",
      "integrity": "sha512-wIrHryRcb9nRXsEAizuwoW0yv4lX5IZRdvIdjYbTt5XzpmTJx+35HeNTfSNhYA6IxWPjMHC7ahgLObsFIbv+pA==",
      "requires": {
        "node-webcrypto-ossl": "^1.0.43",
        "text-encoding": "^0.7.0",
        "ws": "~>6.2.1"
      }
    },
    "minimist": {
      "version": "0.0.8",
      "resolved": "https://registry.npmjs.org/minimist/-/minimist-0.0.8.tgz",
      "integrity": "sha1-hX/Kv8M5fSYluCKCYuhqp6ARsF0="
    },
    "mkdirp": {
      "version": "0.5.1",
      "resolved": "https://registry.npmjs.org/mkdirp/-/mkdirp-0.5.1.tgz",
      "integrity": "sha1-MAV0OOrGz3+MR2fzhkjWaX11yQM=",
      "optional": true,
      "requires": {
        "minimist": "0.0.8"
      }
    },
    "nan": {
      "version": "2.14.0",
      "resolved": "https://registry.npmjs.org/nan/-/nan-2.14.0.tgz",
      "integrity": "sha512-INOFj37C7k3AfaNTtX8RhsTw7qRy7eLET14cROi9+5HAVbbHuIWUHEauBv5qT4Av2tWasiTY1Jw6puUNqRJXQg==",
      "optional": true
    },
    "node-webcrypto-ossl": {
      "version": "1.0.47",
      "resolved": "https://registry.npmjs.org/node-webcrypto-ossl/-/node-webcrypto-ossl-1.0.47.tgz",
      "integrity": "sha512-73q5ClXxhr7c1LE5dYajdnCVAPr0dhceX/qkATmJGQWyn7xTLgW9s727Bep/6JPqdnx5v7aBraPc+1c2nqjctw==",
      "optional": true,
      "requires": {
        "mkdirp": "^0.5.1",
        "nan": "^2.13.2",
        "tslib": "^1.9.3",
        "webcrypto-core": "^0.1.26"
      }
    },
    "optimist": {
      "version": "0.6.1",
      "resolved": "https://registry.npmjs.org/optimist/-/optimist-0.6.1.tgz",
      "integrity": "sha1-2j6nRob6IaGaERwybpDrFaAZZoY=",
      "requires": {
        "minimist": "~0.0.1",
        "wordwrap": "~0.0.2"
      }
    },
    "text-encoding": {
      "version": "0.7.0",
      "resolved": "https://registry.npmjs.org/text-encoding/-/text-encoding-0.7.0.tgz",
      "integrity": "sha512-oJQ3f1hrOnbRLOcwKz0Liq2IcrvDeZRHXhd9RgLrsT+DjWY/nty1Hi7v3dtkaEYbPYe0mUoOfzRrMwfXXwgPUA==",
      "optional": true
    },
    "tslib": {
      "version": "1.10.0",
      "resolved": "https://registry.npmjs.org/tslib/-/tslib-1.10.0.tgz",
      "integrity": "sha512-qOebF53frne81cf0S9B41ByenJ3/IuH8yJKngAX35CmiZySA0khhkovshKK+jGCaMnVomla7gVlIcc3EvKPbTQ==",
      "optional": true
    },
    "webcrypto-core": {
      "version": "0.1.26",
      "resolved": "https://registry.npmjs.org/webcrypto-core/-/webcrypto-core-0.1.26.tgz",
      "integrity": "sha512-BZVgJZkkHyuz8loKvsaOKiBDXDpmMZf5xG4QAOlSeYdXlFUl9c1FRrVnAXcOdb4fTHMG+TRu81odJwwSfKnWTA==",
      "optional": true,
      "requires": {
        "tslib": "^1.7.1"
      }
    },
    "wordwrap": {
      "version": "0.0.3",
      "resolved": "https://registry.npmjs.org/wordwrap/-/wordwrap-0.0.3.tgz",
      "integrity": "sha1-o9XabNXAvAAI03I0u68b7WMFkQc="
    },
    "ws": {
      "version": "6.2.1",
      "resolved": "https://registry.npmjs.org/ws/-/ws-6.2.1.tgz",
      "integrity": "sha512-GIyAXC2cB7LjvpgMt9EKS2ldqr0MTrORaleiOno6TweZ6r3TKtoFQWay/2PceJ3RuBasOHzXNn5Lrw1X0bEjqA==",
      "requires": {
        "async-limiter": "~1.0.0"
      }
    }
  }
}
